<?xml version="1.0" encoding="utf-8"?>
<Project ToolsVersion="4.0" xmlns="http://schemas.microsoft.com/developer/msbuild/2003">
  <ItemGroup>
    <ClCompile Include="Render\Camera.cpp">
      <Filter>Render</Filter>
    </ClCompile>
    <ClCompile Include="Render\Render.cpp">
      <Filter>Render</Filter>
    </ClCompile>
    <ClCompile Include="RenderUtils.cpp" />
    <ClCompile Include="main.cpp" />
    <ClCompile Include="callbacks.cpp" />
    <ClCompile Include="axis.cpp" />
    <ClCompile Include="Particle.cpp" />
    <ClCompile Include="Projectile.cpp" />
    <ClCompile Include="ParticleSystem.cpp" />
    <ClCompile Include="ParticleGenerator.cpp" />
    <ClCompile Include="ForceSystem.cpp" />
    <ClCompile Include="ForceGenerator.cpp" />
    <ClCompile Include="GravityForce.cpp" />
    <ClCompile Include="WindForce.cpp" />
    <ClCompile Include="WhirlwindForce.cpp" />
    <ClCompile Include="ExplosionForce.cpp" />
    <ClCompile Include="GravityGun.cpp" />
    <ClCompile Include="GunForce.cpp" />
    <ClCompile Include="SpringForce.cpp" />
    <ClCompile Include="AnchoredSpringForce.cpp" />
    <ClCompile Include="BuoyancyForce.cpp" />
    <ClCompile Include="PlayerManager.cpp" />
    <ClCompile Include="LevelManager.cpp" />
    <ClCompile Include="SolidBox.cpp" />
    <ClCompile Include="SolidSystem.cpp" />
  </ItemGroup>
  <ItemGroup>
    <ClInclude Include="core.hpp" />
    <ClInclude Include="Render\Camera.h">
      <Filter>Render</Filter>
    </ClInclude>
    <ClInclude Include="Render\Render.h">
      <Filter>Render</Filter>
    </ClInclude>
    <ClInclude Include="RenderUtils.hpp" />
    <ClInclude Include="callbacks.hpp" />
    <ClInclude Include="vector3D.h" />
    <ClInclude Include="axis.h" />
    <ClInclude Include="Particle.h" />
    <ClInclude Include="Projectile.h" />
    <ClInclude Include="ParticleSystem.h" />
    <ClInclude Include="ParticleGenerator.h" />
    <ClInclude Include="Random.h" />
    <ClInclude Include="ForceSystem.h" />
    <ClInclude Include="ForceGenerator.h" />
    <ClInclude Include="GravityForce.h" />
    <ClInclude Include="WindForce.h" />
    <ClInclude Include="WhirlwindForce.h" />
    <ClInclude Include="ExplosionForce.h" />
    <ClInclude Include="GravityGun.h" />
    <ClInclude Include="GunForce.h" />
    <ClInclude Include="SpringForce.h" />
    <ClInclude Include="AnchoredSpringForce.h" />
    <ClInclude Include="BuoyancyForce.h" />
    <ClInclude Include="PlayerManager.h" />
    <ClInclude Include="LevelManager.h" />
    <ClInclude Include="SolidBox.h" />
    <ClInclude Include="SolidSystem.h" />
  </ItemGroup>
  <ItemGroup>
    <Filter Include="Render">
      <UniqueIdentifier>{d04b4f9f-5a69-465e-8070-25c6d0bcd3c2}</UniqueIdentifier>
    </Filter>
  </ItemGroup>
</Project>